// !$*UTF8*$!
{
	archiveVersion = 1;
	classes = {
	};
	objectVersion = 48;
	objects = {

/* Begin PBXBuildFile section */
		BE75FB2C1F8C26CB0012A683 /* AppDelegate.swift in Sources */ = {isa = PBXBuildFile; fileRef = BE75FB2B1F8C26CB0012A683 /* AppDelegate.swift */; };
		BE75FB2E1F8C26CB0012A683 /* ViewController.swift in Sources */ = {isa = PBXBuildFile; fileRef = BE75FB2D1F8C26CB0012A683 /* ViewController.swift */; };
		BE75FB311F8C26CB0012A683 /* Main.storyboard in Resources */ = {isa = PBXBuildFile; fileRef = BE75FB2F1F8C26CB0012A683 /* Main.storyboard */; };
		BE75FB331F8C26CB0012A683 /* Assets.xcassets in Resources */ = {isa = PBXBuildFile; fileRef = BE75FB321F8C26CB0012A683 /* Assets.xcassets */; };
		BE75FB361F8C26CB0012A683 /* LaunchScreen.storyboard in Resources */ = {isa = PBXBuildFile; fileRef = BE75FB341F8C26CB0012A683 /* LaunchScreen.storyboard */; };
/* End PBXBuildFile section */

/* Begin PBXFileReference section */
		BE75FB281F8C26CB0012A683 /* segues.app */ = {isa = PBXFileReference; explicitFileType = wrapper.application; includeInIndex = 0; path = segues.app; sourceTree = BUILT_PRODUCTS_DIR; };
		BE75FB2B1F8C26CB0012A683 /* AppDelegate.swift */ = {isa = PBXFileReference; lastKnownFileType = sourcecode.swift; path = AppDelegate.swift; sourceTree = "<group>"; };
		BE75FB2D1F8C26CB0012A683 /* ViewController.swift */ = {isa = PBXFileReference; lastKnownFileType = sourcecode.swift; path = ViewController.swift; sourceTree = "<group>"; };
		BE75FB301F8C26CB0012A683 /* Base */ = {isa = PBXFileReference; lastKnownFileType = file.storyboard; name = Base; path = Base.lproj/Main.storyboard; sourceTree = "<group>"; };
		BE75FB321F8C26CB0012A683 /* Assets.xcassets */ = {isa = PBXFileReference; lastKnownFileType = folder.assetcatalog; path = Assets.xcassets; sourceTree = "<group>"; };
		BE75FB351F8C26CB0012A683 /* Base */ = {isa = PBXFileReference; lastKnownFileType = file.storyboard; name = Base; path = Base.lproj/LaunchScreen.storyboard; sourceTree = "<group>"; };
		BE75FB371F8C26CB0012A683 /* Info.plist */ = {isa = PBXFileReference; lastKnownFileType = text.plist.xml; path = Info.plist; sourceTree = "<group>"; };
/* End PBXFileReference section */

/* Begin PBXFrameworksBuildPhase section */
		BE75FB251F8C26CB0012A683 /* Frameworks */ = {
			isa = PBXFrameworksBuildPhase;
			buildActionMask = 2147483647;
			files = (
			);
			runOnlyForDeploymentPostprocessing = 0;
		};
/* End PBXFrameworksBuildPhase section */

/* Begin PBXGroup section */
		BE75FB1F1F8C26CB0012A683 = {
			isa = PBXGroup;
			children = (
				BE75FB2A1F8C26CB0012A683 /* segues */,
				BE75FB291F8C26CB0012A683 /* Products */,
			);
			sourceTree = "<group>";
		};
		BE75FB291F8C26CB0012A683 /* Products */ = {
			isa = PBXGroup;
			children = (
				BE75FB281F8C26CB0012A683 /* segues.app */,
			);
			name = Products;
			sourceTree = "<group>";
		};
		BE75FB2A1F8C26CB0012A683 /* segues */ = {
			isa = PBXGroup;
			children = (
				BE75FB2B1F8C26CB0012A683 /* AppDelegate.swift */,
				BE75FB2D1F8C26CB0012A683 /* ViewController.swift */,
				BE75FB2F1F8C26CB0012A683 /* Main.storyboard */,
				BE75FB321F8C26CB0012A683 /* Assets.xcassets */,
				BE75FB341F8C26CB0012A683 /* LaunchScreen.storyboard */,
				BE75FB371F8C26CB0012A683 /* Info.plist */,
			);
			path = segues;
			sourceTree = "<group>";
		};
/* End PBXGroup section */

/* Begin PBXNativeTarget section */
		BE75FB271F8C26CB0012A683 /* segues */ = {
			isa = PBXNativeTarget;
			buildConfigurationList = BE75FB3A1F8C26CB0012A683 /* Build configuration list for PBXNativeTarget "segues" */;
			buildPhases = (
				BE75FB241F8C26CB0012A683 /* Sources */,
				BE75FB251F8C26CB0012A683 /* Frameworks */,
				BE75FB261F8C26CB0012A683 /* Resources */,
			);
			buildRules = (
			);
			dependencies = (
			);
			name = segues;
			productName = segues;
			productReference = BE75FB281F8C26CB0012A683 /* segues.app */;
			productType = "com.apple.product-type.application";
		};
/* End PBXNativeTarget section */

/* Begin PBXProject section */
		BE75FB201F8C26CB0012A683 /* Project object */ = {
			isa = PBXProject;
			attributes = {
				LastSwiftUpdateCheck = 0900;
				LastUpgradeCheck = 0900;
				ORGANIZATIONNAME = "Mark Hoath";
				TargetAttributes = {
					BE75FB271F8C26CB0012A683 = {
						CreatedOnToolsVersion = 9.0;
						ProvisioningStyle = Automatic;
					};
				};
			};
			buildConfigurationList = BE75FB231F8C26CB0012A683 /* Build configuration list for PBXProject "segues" */;
			compatibilityVersion = "Xcode 8.0";
			developmentRegion = en;
			hasScannedForEncodings = 0;
			knownRegions = (
				en,
				Base,
			);
			mainGroup = BE75FB1F1F8C26CB0012A683;
			productRefGroup = BE75FB291F8C26CB0012A683 /* Products */;
			projectDirPath = "";
			projectRoot = "";
			targets = (
				BE75FB271F8C26CB0012A683 /* segues */,
			);
		};
/* End PBXProject section */

/* Begin PBXResourcesBuildPhase section */
		BE75FB261F8C26CB0012A683 /* Resources */ = {
			isa = PBXResourcesBuildPhase;
			buildActionMask = 2147483647;
			files = (
				BE75FB361F8C26CB0012A683 /* LaunchScreen.storyboard in Resources */,
				BE75FB331F8C26CB0012A683 /* Assets.xcassets in Resources */,
				BE75FB311F8C26CB0012A683 /* Main.storyboard in Resources */,
			);
			runOnlyForDeploymentPostprocessing = 0;
		};
/* End PBXResourcesBuildPhase section */

/* Begin PBXSourcesBuildPhase section */
		BE75FB241F8C26CB0012A683 /* Sources */ = {
			isa = PBXSourcesBuildPhase;
			buildActionMask = 2147483647;
			files = (
				BE75FB2E1F8C26CB0012A683 /* ViewController.swift in Sources */,
				BE75FB2C1F8C26CB0012A683 /* AppDelegate.swift in Sources */,
			);
			runOnlyForDeploymentPostprocessing = 0;
		};
/* End PBXSourcesBuildPhase section */

/* Begin PBXVariantGroup section */
		BE75FB2F1F8C26CB0012A683 /* Main.storyboard */ = {
			isa = PBXVariantGroup;
			children = (
				BE75FB301F8C26CB0012A683 /* Base */,
			);
			name = Main.storyboard;
			sourceTree = "<group>";
		};
		BE75FB341F8C26CB0012A683 /* LaunchScreen.storyboard */ = {
			isa = PBXVariantGroup;
			children = (
				BE75FB351F8C26CB0012A683 /* Base */,
			);
			name = LaunchScreen.storyboard;
			sourceTree = "<group>";
		};
/* End PBXVariantGroup section */

/* Begin XCBuildConfiguration section */
		BE75FB381F8C26CB0012A683 /* Debug */ = {
			isa = XCBuildConfiguration;
			buildSettings = {
				ALWAYS_SEARCH_USER_PATHS = NO;
				CLANG_ANALYZER_NONNULL = YES;
				CLANG_ANALYZER_NUMBER_OBJECT_CONVERSION = YES_AGGRESSIVE;
				CLANG_CXX_LANGUAGE_STANDARD = "gnu++14";
				CLANG_CXX_LIBRARY = "libc++";
				CLANG_ENABLE_MODULES = YES;
				CLANG_ENABLE_OBJC_ARC = YES;
				CLANG_WARN_BLOCK_CAPTURE_AUTORELEASING = YES;
				CLANG_WARN_BOOL_CONVERSION = YES;
				CLANG_WARN_COMMA = YES;
				CLANG_WARN_CONSTANT_CONVERSION = YES;
				CLANG_WARN_DIRECT_OBJC_ISA_USAGE = YES_ERROR;
				CLANG_WARN_DOCUMENTATION_COMMENTS = YES;
				CLANG_WARN_EMPTY_BODY = YES;
				CLANG_WARN_ENUM_CONVERSION = YES;
				CLANG_WARN_INFINITE_RECURSION = YES;
				CLANG_WARN_INT_CONVERSION = YES;
				CLANG_WARN_NON_LITERAL_NULL_CONVERSION = YES;
				CLANG_WARN_OBJC_LITERAL_CONVERSION = YES;
				CLANG_WARN_OBJC_ROOT_CLASS = YES_ERROR;
				CLANG_WARN_RANGE_LOOP_ANALYSIS = YES;
				CLANG_WARN_STRICT_PROTOTYPES = YES;
				CLANG_WARN_SUSPICIOUS_MOVE = YES;
				CLANG_WARN_UNGUARDED_AVAILABILITY = YES_AGGRESSIVE;
				CLANG_WARN_UNREACHABLE_CODE = YES;
				CLANG_WARN__DUPLICATE_METHOD_MATCH = YES;
				CODE_SIGN_IDENTITY = "iPhone Developer";
				COPY_PHASE_STRIP = NO;
				DEBUG_INFORMATION_FORMAT = dwarf;
				ENABLE_STRICT_OBJC_MSGSEND = YES;
				ENABLE_TESTABILITY = YES;
				GCC_C_LANGUAGE_STANDARD = gnu11;
				GCC_DYNAMIC_NO_PIC = NO;
				GCC_NO_COMMON_BLOCKS = YES;
				GCC_OPTIMIZATION_LEVEL = 0;
				GCC_PREPROCESSOR_DEFINITIONS = (
					"DEBUG=1",
					"$(inherited)",
				);
				GCC_WARN_64_TO_32_BIT_CONVERSION = YES;
				GCC_WARN_ABOUT_RETURN_TYPE = YES_ERROR;
				GCC_WARN_UNDECLARED_SELECTOR = YES;
				GCC_WARN_UNINITIALIZED_AUTOS = YES_AGGRESSIVE;
				GCC_WARN_UNUSED_FUNCTION = YES;
				GCC_WARN_UNUSED_VARIABLE = YES;
				IPHONEOS_DEPLOYMENT_TARGET = 11.0;
				MTL_ENABLE_DEBUG_INFO = YES;
				ONLY_ACTIVE_ARCH = YES;
				SDKROOT = iphoneos;
				SWIFT_ACTIVE_COMPILATION_CONDITIONS = DEBUG;
				SWIFT_OPTIMIZATION_LEVEL = "-Onone";
			};
			name = Debug;
		};
		BE75FB391F8C26CB0012A683 /* Release */ = {
			isa = XCBuildConfiguration;
			buildSettings = {
				ALWAYS_SEARCH_USER_PATHS = NO;
				CLANG_ANALYZER_NONNULL = YES;
				CLANG_ANALYZER_NUMBER_OBJECT_CONVERSION = YES_AGGRESSIVE;
				CLANG_CXX_LANGUAGE_STANDARD = "gnu++14";
				CLANG_CXX_LIBRARY = "libc++";
				CLANG_ENABLE_MODULES = YES;
				CLANG_ENABLE_OBJC_ARC = YES;
				CLANG_WARN_BLOCK_CAPTURE_AUTORELEASING = YES;
				CLANG_WARN_BOOL_CONVERSION = YES;
				CLANG_WARN_COMMA = YES;
				CLANG_WARN_CONSTANT_CONVERSION = YES;
				CLANG_WARN_DIRECT_OBJC_ISA_USAGE = YES_ERROR;
				CLANG_WARN_DOCUMENTATION_COMMENTS = YES;
				CLANG_WARN_EMPTY_BODY = YES;
				CLANG_WARN_ENUM_CONVERSION = YES;
				CLANG_WARN_INFINITE_RECURSION = YES;
				CLANG_WARN_INT_CONVERSION = YES;
				CLANG_WARN_NON_LITERAL_NULL_CONVERSION = YES;
				CLANG_WARN_OBJC_LITERAL_CONVERSION = YES;
				CLANG_WARN_OBJC_ROOT_CLASS = YES_ERROR;
				CLANG_WARN_RANGE_LOOP_ANALYSIS = YES;
				CLANG_WARN_STRICT_PROTOTYPES = YES;
				CLANG_WARN_SUSPICIOUS_MOVE = YES;
				CLANG_WARN_UNGUARDED_AVAILABILITY = YES_AGGRESSIVE;
				CLANG_WARN_UNREACHABLE_CODE = YES;
				CLANG_WARN__DUPLICATE_METHOD_MATCH = YES;
				CODE_SIGN_IDENTITY = "iPhone Developer";
				COPY_PHASE_STRIP = NO;
				DEBUG_INFORMATION_FORMAT = "dwarf-with-dsym";
				ENABLE_NS_ASSERTIONS = NO;
				ENABLE_STRICT_OBJC_MSGSEND = YES;
				GCC_C_LANGUAGE_STANDARD = gnu11;
				GCC_NO_COMMON_BLOCKS = YES;
				GCC_WARN_64_TO_32_BIT_CONVERSION = YES;
				GCC_WARN_ABOUT_RETURN_TYPE = YES_ERROR;
				GCC_WARN_UNDECLARED_SELECTOR = YES;
				GCC_WARN_UNINITIALIZED_AUTOS = YES_AGGRESSIVE;
				GCC_WARN_UNUSED_FUNCTION = YES;
				GCC_WARN_UNUSED_VARIABLE = YES;
				IPHONEOS_DEPLOYMENT_TARGET = 11.0;
				MTL_ENABLE_DEBUG_INFO = NO;
				SDKROOT = iphoneos;
				SWIFT_OPTIMIZATION_LEVEL = "-Owholemodule";
				VALIDATE_PRODUCT = YES;
			};
			name = Release;
		};
		BE75FB3B1F8C26CB0012A683 /* Debug */ = {
			isa = XCBuildConfiguration;
			buildSettings = {
				ASSETCATALOG_COMPILER_APPICON_NAME = AppIcon;
				CODE_SIGN_STYLE = Automatic;
				DEVELOPMENT_TEAM = WD65G8C4YP;
				INFOPLIST_FILE = segues/Info.plist;
				LD_RUNPATH_SEARCH_PATHS = "$(inherited) @executable_path/Frameworks";
				PRODUCT_BUNDLE_IDENTIFIER = com.swiftalmanac.segues;
				PRODUCT_NAME = "$(TARGET_NAME)";
				SWIFT_VERSION = 4.0;
				TARGETED_DEVICE_FAMILY = "1,2";
			};
			name = Debug;
		};
		BE75FB3C1F8C26CB0012A683 /* Release */ = {
			isa = XCBuildConfiguration;
			buildSettings = {
				ASSETCATALOG_COMPILER_APPICON_NAME = AppIcon;
				CODE_SIGN_STYLE = Automatic;
				DEVELOPMENT_TEAM = WD65G8C4YP;
				INFOPLIST_FILE = segues/Info.plist;
				LD_RUNPATH_SEARCH_PATHS = "$(inherited) @executable_path/Frameworks";
				PRODUCT_BUNDLE_IDENTIFIER = com.swiftalmanac.segues;
				PRODUCT_NAME = "$(TARGET_NAME)";
				SWIFT_VERSION = 4.0;
				TARGETED_DEVICE_FAMILY = "1,2";
			};
			name = Release;
		};
/* End XCBuildConfiguration section */

/* Begin XCConfigurationList section */
		BE75FB231F8C26CB0012A683 /* Build configuration list for PBXProject "segues" */ = {
			isa = XCConfigurationList;
			buildConfigurations = (
				BE75FB381F8C26CB0012A683 /* Debug */,
				BE75FB391F8C26CB0012A683 /* Release */,
			);
			defaultConfigurationIsVisible = 0;
			defaultConfigurationName = Release;
		};
		BE75FB3A1F8C26CB0012A683 /* Build configuration list for PBXNativeTarget "segues" */ = {
			isa = XCConfigurationList;
			buildConfigurations = (
				BE75FB3B1F8C26CB0012A683 /* Debug */,
				BE75FB3C1F8C26CB0012A683 /* Release */,
			);
			defaultConfigurationIsVisible = 0;
			defaultConfigurationName = Release;
		};
/* End XCConfigurationList section */
	};
	rootObject = BE75FB201F8C26CB0012A683 /* Project object */;
}
